
Microsoft Visual Studio Solution File, Format Version 12.00
# Visual Studio Version 16
VisualStudioVersion = 16.0.31005.135
MinimumVisualStudioVersion = 10.0.40219.1
Project("{FAE04EC0-301F-11D3-BF4B-00C04F79EFBC}") = "WFA Lab 8", "WFA Lab 8.csproj", "{BE552B18-83DC-4948-9188-64A40F023858}"
EndProject
Project("{9A19103F-16F7-4668-BE54-9A1E7A4F7556}") = "database 1", "..\database 1\database 1.csproj", "{39DBF5FD-C0FB-41E8-9A17-75195066AD7E}"
EndProject
Global
	GlobalSection(SolutionConfigurationPlatforms) = preSolution
		Debug|Any CPU = Debug|Any CPU
		Release|Any CPU = Release|Any CPU
	EndGlobalSection
	GlobalSection(ProjectConfigurationPlatforms) = postSolution
		{BE552B18-83DC-4948-9188-64A40F023858}.Debug|Any CPU.ActiveCfg = Debug|Any CPU
		{BE552B18-83DC-4948-9188-64A40F023858}.Debug|Any CPU.Build.0 = Debug|Any CPU
		{BE552B18-83DC-4948-9188-64A40F023858}.Release|Any CPU.ActiveCfg = Release|Any CPU
		{BE552B18-83DC-4948-9188-64A40F023858}.Release|Any CPU.Build.0 = Release|Any CPU
		{39DBF5FD-C0FB-41E8-9A17-75195066AD7E}.Debug|Any CPU.ActiveCfg = Debug|Any CPU
		{39DBF5FD-C0FB-41E8-9A17-75195066AD7E}.Debug|Any CPU.Build.0 = Debug|Any CPU
		{39DBF5FD-C0FB-41E8-9A17-75195066AD7E}.Release|Any CPU.ActiveCfg = Release|Any CPU
		{39DBF5FD-C0FB-41E8-9A17-75195066AD7E}.Release|Any CPU.Build.0 = Release|Any CPU
	EndGlobalSection
	GlobalSection(SolutionProperties) = preSolution
		HideSolutionNode = FALSE
	EndGlobalSection
	GlobalSection(ExtensibilityGlobals) = postSolution
		SolutionGuid = {A57E1503-3794-422F-9131-8819BFA15557}
	EndGlobalSection
EndGlobal
